
Microsoft Visual Studio Solution File, Format Version 12.00
# Visual Studio Version 17
VisualStudioVersion = 17.0.31825.309
MinimumVisualStudioVersion = 10.0.40219.1
Project("{9A19103F-16F7-4668-BE54-9A1E7A4F7556}") = "crudExample", "crudExample\crudExample.csproj", "{D4FBC5A4-E64F-45B2-B97E-0E8012A38FE6}"
EndProject
Project("{9A19103F-16F7-4668-BE54-9A1E7A4F7556}") = "crudExample.Domain", "crudExample.Domain\crudExample.Domain.csproj", "{104FE678-4124-4101-BCC8-37FDAB3DC94D}"
EndProject
Project("{9A19103F-16F7-4668-BE54-9A1E7A4F7556}") = "crudExample.Infrastructure", "crudExample.Infrastructure\crudExample.Infrastructure.csproj", "{EC3E1B6D-5D3A-4420-B6E3-5003A6BC57B8}"
EndProject
Project("{9A19103F-16F7-4668-BE54-9A1E7A4F7556}") = "crudExample.Application", "Application\crudExample.Application.csproj", "{CD13EA6F-7F7A-4862-8B28-AB5AA0563A5B}"
EndProject
Project("{E53339B2-1760-4266-BCC7-CA923CBCF16C}") = "docker-compose", "docker-compose.dcproj", "{93AC344A-C0A9-4983-9136-AE2277B85A0D}"
EndProject
Global
	GlobalSection(SolutionConfigurationPlatforms) = preSolution
		Debug|Any CPU = Debug|Any CPU
		Release|Any CPU = Release|Any CPU
	EndGlobalSection
	GlobalSection(ProjectConfigurationPlatforms) = postSolution
		{D4FBC5A4-E64F-45B2-B97E-0E8012A38FE6}.Debug|Any CPU.ActiveCfg = Debug|Any CPU
		{D4FBC5A4-E64F-45B2-B97E-0E8012A38FE6}.Debug|Any CPU.Build.0 = Debug|Any CPU
		{D4FBC5A4-E64F-45B2-B97E-0E8012A38FE6}.Release|Any CPU.ActiveCfg = Release|Any CPU
		{D4FBC5A4-E64F-45B2-B97E-0E8012A38FE6}.Release|Any CPU.Build.0 = Release|Any CPU
		{104FE678-4124-4101-BCC8-37FDAB3DC94D}.Debug|Any CPU.ActiveCfg = Debug|Any CPU
		{104FE678-4124-4101-BCC8-37FDAB3DC94D}.Debug|Any CPU.Build.0 = Debug|Any CPU
		{104FE678-4124-4101-BCC8-37FDAB3DC94D}.Release|Any CPU.ActiveCfg = Release|Any CPU
		{104FE678-4124-4101-BCC8-37FDAB3DC94D}.Release|Any CPU.Build.0 = Release|Any CPU
		{EC3E1B6D-5D3A-4420-B6E3-5003A6BC57B8}.Debug|Any CPU.ActiveCfg = Debug|Any CPU
		{EC3E1B6D-5D3A-4420-B6E3-5003A6BC57B8}.Debug|Any CPU.Build.0 = Debug|Any CPU
		{EC3E1B6D-5D3A-4420-B6E3-5003A6BC57B8}.Release|Any CPU.ActiveCfg = Release|Any CPU
		{EC3E1B6D-5D3A-4420-B6E3-5003A6BC57B8}.Release|Any CPU.Build.0 = Release|Any CPU
		{CD13EA6F-7F7A-4862-8B28-AB5AA0563A5B}.Debug|Any CPU.ActiveCfg = Debug|Any CPU
		{CD13EA6F-7F7A-4862-8B28-AB5AA0563A5B}.Debug|Any CPU.Build.0 = Debug|Any CPU
		{CD13EA6F-7F7A-4862-8B28-AB5AA0563A5B}.Release|Any CPU.ActiveCfg = Release|Any CPU
		{CD13EA6F-7F7A-4862-8B28-AB5AA0563A5B}.Release|Any CPU.Build.0 = Release|Any CPU
		{93AC344A-C0A9-4983-9136-AE2277B85A0D}.Debug|Any CPU.ActiveCfg = Debug|Any CPU
		{93AC344A-C0A9-4983-9136-AE2277B85A0D}.Debug|Any CPU.Build.0 = Debug|Any CPU
		{93AC344A-C0A9-4983-9136-AE2277B85A0D}.Release|Any CPU.ActiveCfg = Release|Any CPU
		{93AC344A-C0A9-4983-9136-AE2277B85A0D}.Release|Any CPU.Build.0 = Release|Any CPU
	EndGlobalSection
	GlobalSection(SolutionProperties) = preSolution
		HideSolutionNode = FALSE
	EndGlobalSection
	GlobalSection(ExtensibilityGlobals) = postSolution
		SolutionGuid = {9A877579-51F5-4E59-B71A-254C7F939E7D}
	EndGlobalSection
EndGlobal
